
Microsoft Visual Studio Solution File, Format Version 12.00
# Visual Studio Version 17
VisualStudioVersion = 17.9.34902.65
MinimumVisualStudioVersion = 10.0.40219.1
Project("{9A19103F-16F7-4668-BE54-9A1E7A4F7556}") = "ShopOnline", "ShopOnline.csproj", "{2E3E4523-EC28-4A39-A211-F0E0615501B3}"
EndProject
Global
	GlobalSection(SolutionConfigurationPlatforms) = preSolution
		Debug|Any CPU = Debug|Any CPU
		Release|Any CPU = Release|Any CPU
	EndGlobalSection
	GlobalSection(ProjectConfigurationPlatforms) = postSolution
		{2E3E4523-EC28-4A39-A211-F0E0615501B3}.Debug|Any CPU.ActiveCfg = Debug|Any CPU
		{2E3E4523-EC28-4A39-A211-F0E0615501B3}.Debug|Any CPU.Build.0 = Debug|Any CPU
		{2E3E4523-EC28-4A39-A211-F0E0615501B3}.Release|Any CPU.ActiveCfg = Release|Any CPU
		{2E3E4523-EC28-4A39-A211-F0E0615501B3}.Release|Any CPU.Build.0 = Release|Any CPU
	EndGlobalSection
	GlobalSection(SolutionProperties) = preSolution
		HideSolutionNode = FALSE
	EndGlobalSection
	GlobalSection(ExtensibilityGlobals) = postSolution
		SolutionGuid = {5140E9E5-67DC-4E87-877A-22F39979B321}
	EndGlobalSection
EndGlobal
